
Microsoft Visual Studio Solution File, Format Version 12.00
# Visual Studio Version 17
VisualStudioVersion = 17.11.35312.102
MinimumVisualStudioVersion = 10.0.40219.1
Project("{FAE04EC0-301F-11D3-BF4B-00C04F79EFBC}") = "Exception", "Exception.csproj", "{60BDF9B8-33CD-43C4-A71F-DDCC2A1BF0CC}"
EndProject
Global
	GlobalSection(SolutionConfigurationPlatforms) = preSolution
		Debug|Any CPU = Debug|Any CPU
		Release|Any CPU = Release|Any CPU
	EndGlobalSection
	GlobalSection(ProjectConfigurationPlatforms) = postSolution
		{60BDF9B8-33CD-43C4-A71F-DDCC2A1BF0CC}.Debug|Any CPU.ActiveCfg = Debug|Any CPU
		{60BDF9B8-33CD-43C4-A71F-DDCC2A1BF0CC}.Debug|Any CPU.Build.0 = Debug|Any CPU
		{60BDF9B8-33CD-43C4-A71F-DDCC2A1BF0CC}.Release|Any CPU.ActiveCfg = Release|Any CPU
		{60BDF9B8-33CD-43C4-A71F-DDCC2A1BF0CC}.Release|Any CPU.Build.0 = Release|Any CPU
	EndGlobalSection
	GlobalSection(SolutionProperties) = preSolution
		HideSolutionNode = FALSE
	EndGlobalSection
	GlobalSection(ExtensibilityGlobals) = postSolution
		SolutionGuid = {AA8A508C-347A-46BC-A855-BFA7D7547E84}
	EndGlobalSection
EndGlobal
